PODS:
  - Expecta (1.0.6)
  - Specta (1.0.7)
  - Valet (2.4.2)

DEPENDENCIES:
  - Expecta
  - Specta
  - Valet (~> 2.4.2)

SPEC REPOS:
  https://github.com/cocoapods/specs.git:
    - Expecta
    - Specta
    - Valet

SPEC CHECKSUMS:
  Expecta: 3b6bd90a64b9a1dcb0b70aa0e10a7f8f631667d5
  Specta: 3e1bd89c3517421982dc4d1c992503e48bd5fe66
  Valet: 14463ef24fab8fd5809044ecedb61484b799fdd6

PODFILE CHECKSUM: b5704e1d7c2b6d4d759b492002b749ba430f99d7

COCOAPODS: 1.5.3
