PODS:
  - CoreEthereum (1.0.0):
    - ISO8601DateFormatter
  - Expecta (1.0.6)
  - ISO8601DateFormatter (0.8)
  - Specta (1.0.7)
  - Valet (3.1.4)

DEPENDENCIES:
  - CoreEthereum (from `https://github.com/wjmelements/CoreBitcoin.git`, branch `master`)
  - Expecta
  - Specta
  - Valet

SPEC REPOS:
  https://github.com/cocoapods/specs.git:
    - Expecta
    - ISO8601DateFormatter
    - Specta
    - Valet

EXTERNAL SOURCES:
  CoreEthereum:
    :branch: master
    :git: https://github.com/wjmelements/CoreBitcoin.git

CHECKOUT OPTIONS:
  CoreEthereum:
    :commit: 579c50c8ad14ef2800cbd77262acc2c69f3ee8d3
    :git: https://github.com/wjmelements/CoreBitcoin.git

SPEC CHECKSUMS:
  CoreEthereum: 00c20d22744dcdb37ad2dc301db0624489c8f494
  Expecta: 3b6bd90a64b9a1dcb0b70aa0e10a7f8f631667d5
  ISO8601DateFormatter: 4551b6ce4f83185425f583b0b3feb3c7b59b942c
  Specta: 3e1bd89c3517421982dc4d1c992503e48bd5fe66
  Valet: c06af94b443de7e490b3fc5fd28256637ab7fdbd

PODFILE CHECKSUM: bcab02e4f5e58cb45a73af5eb96514e778226855

COCOAPODS: 1.5.3
