// !$*UTF8*$!
{
	archiveVersion = 1;
	classes = {
	};
	objectVersion = 50;
	objects = {

/* Begin PBXBuildFile section */
		BE7FDBBC20D9CC9500D66B37 /* UPTEthereumSigner.m in Sources */ = {isa = PBXBuildFile; fileRef = BE7FDBB820D9CC9500D66B37 /* UPTEthereumSigner.m */; };
		BE7FDBBD20D9CC9500D66B37 /* UPTEthereumSigner+Utils.m in Sources */ = {isa = PBXBuildFile; fileRef = BE7FDBB920D9CC9500D66B37 /* UPTEthereumSigner+Utils.m */; };
		BE7FDBBE20D9CC9500D66B37 /* keccak.c in Sources */ = {isa = PBXBuildFile; fileRef = BE7FDBBA20D9CC9500D66B37 /* keccak.c */; };
		BE7FDBC120D9CCC800D66B37 /* CoreBitcoin.framework in Frameworks */ = {isa = PBXBuildFile; fileRef = BE7FDBC020D9CCC800D66B37 /* CoreBitcoin.framework */; };
		CC8F5BF8609D43050A61DD3C /* Pods_UPTEthereumSigner.framework in Frameworks */ = {isa = PBXBuildFile; fileRef = 5D81C0305A79098E2D3A8A94 /* Pods_UPTEthereumSigner.framework */; };
/* End PBXBuildFile section */

/* Begin PBXCopyFilesBuildPhase section */
		BECA74C620D9CBF7002793C8 /* CopyFiles */ = {
			isa = PBXCopyFilesBuildPhase;
			buildActionMask = 2147483647;
			dstPath = "include/$(PRODUCT_NAME)";
			dstSubfolderSpec = 16;
			files = (
			);
			runOnlyForDeploymentPostprocessing = 0;
		};
/* End PBXCopyFilesBuildPhase section */

/* Begin PBXFileReference section */
		387970C5103D3B44DB60E4B1 /* Pods-UPTEthereumSigner.release.xcconfig */ = {isa = PBXFileReference; includeInIndex = 1; lastKnownFileType = text.xcconfig; name = "Pods-UPTEthereumSigner.release.xcconfig"; path = "Pods/Target Support Files/Pods-UPTEthereumSigner/Pods-UPTEthereumSigner.release.xcconfig"; sourceTree = "<group>"; };
		59A986F3024745274B230644 /* Pods-UPTEthereumSigner.debug.xcconfig */ = {isa = PBXFileReference; includeInIndex = 1; lastKnownFileType = text.xcconfig; name = "Pods-UPTEthereumSigner.debug.xcconfig"; path = "Pods/Target Support Files/Pods-UPTEthereumSigner/Pods-UPTEthereumSigner.debug.xcconfig"; sourceTree = "<group>"; };
		5D81C0305A79098E2D3A8A94 /* Pods_UPTEthereumSigner.framework */ = {isa = PBXFileReference; explicitFileType = wrapper.framework; includeInIndex = 0; path = Pods_UPTEthereumSigner.framework; sourceTree = BUILT_PRODUCTS_DIR; };
		BE7FDBB620D9CC9500D66B37 /* UPTEthereumSigner+Utils.h */ = {isa = PBXFileReference; fileEncoding = 4; lastKnownFileType = sourcecode.c.h; name = "UPTEthereumSigner+Utils.h"; path = "Classes/UPTEthereumSigner+Utils.h"; sourceTree = "<group>"; };
		BE7FDBB720D9CC9500D66B37 /* keccak.h */ = {isa = PBXFileReference; fileEncoding = 4; lastKnownFileType = sourcecode.c.h; name = keccak.h; path = Classes/keccak.h; sourceTree = "<group>"; };
		BE7FDBB820D9CC9500D66B37 /* UPTEthereumSigner.m */ = {isa = PBXFileReference; fileEncoding = 4; lastKnownFileType = sourcecode.c.objc; name = UPTEthereumSigner.m; path = Classes/UPTEthereumSigner.m; sourceTree = "<group>"; };
		BE7FDBB920D9CC9500D66B37 /* UPTEthereumSigner+Utils.m */ = {isa = PBXFileReference; fileEncoding = 4; lastKnownFileType = sourcecode.c.objc; name = "UPTEthereumSigner+Utils.m"; path = "Classes/UPTEthereumSigner+Utils.m"; sourceTree = "<group>"; };
		BE7FDBBA20D9CC9500D66B37 /* keccak.c */ = {isa = PBXFileReference; fileEncoding = 4; lastKnownFileType = sourcecode.c.c; name = keccak.c; path = Classes/keccak.c; sourceTree = "<group>"; };
		BE7FDBBB20D9CC9500D66B37 /* UPTEthereumSigner.h */ = {isa = PBXFileReference; fileEncoding = 4; lastKnownFileType = sourcecode.c.h; name = UPTEthereumSigner.h; path = Classes/UPTEthereumSigner.h; sourceTree = "<group>"; };
		BE7FDBC020D9CCC800D66B37 /* CoreBitcoin.framework */ = {isa = PBXFileReference; lastKnownFileType = wrapper.framework; name = CoreBitcoin.framework; path = UPTEthereumSigner/CoreBitcoin.framework; sourceTree = "<group>"; };
		BECA74C820D9CBF7002793C8 /* libUPTEthereumSigner.a */ = {isa = PBXFileReference; explicitFileType = archive.ar; includeInIndex = 0; path = libUPTEthereumSigner.a; sourceTree = BUILT_PRODUCTS_DIR; };
/* End PBXFileReference section */

/* Begin PBXFrameworksBuildPhase section */
		BECA74C520D9CBF7002793C8 /* Frameworks */ = {
			isa = PBXFrameworksBuildPhase;
			buildActionMask = 2147483647;
			files = (
				BE7FDBC120D9CCC800D66B37 /* CoreBitcoin.framework in Frameworks */,
				CC8F5BF8609D43050A61DD3C /* Pods_UPTEthereumSigner.framework in Frameworks */,
			);
			runOnlyForDeploymentPostprocessing = 0;
		};
/* End PBXFrameworksBuildPhase section */

/* Begin PBXGroup section */
		BE7FDBBF20D9CCC800D66B37 /* Frameworks */ = {
			isa = PBXGroup;
			children = (
				BE7FDBC020D9CCC800D66B37 /* CoreBitcoin.framework */,
				5D81C0305A79098E2D3A8A94 /* Pods_UPTEthereumSigner.framework */,
			);
			name = Frameworks;
			sourceTree = "<group>";
		};
		BECA74BF20D9CBF7002793C8 = {
			isa = PBXGroup;
			children = (
				BECA74CA20D9CBF7002793C8 /* UPTEthereumSigner */,
				BECA74C920D9CBF7002793C8 /* Products */,
				BE7FDBBF20D9CCC800D66B37 /* Frameworks */,
				FCDBB97D5ACE75B7B5020340 /* Pods */,
			);
			sourceTree = "<group>";
		};
		BECA74C920D9CBF7002793C8 /* Products */ = {
			isa = PBXGroup;
			children = (
				BECA74C820D9CBF7002793C8 /* libUPTEthereumSigner.a */,
			);
			name = Products;
			sourceTree = "<group>";
		};
		BECA74CA20D9CBF7002793C8 /* UPTEthereumSigner */ = {
			isa = PBXGroup;
			children = (
				BE7FDBBA20D9CC9500D66B37 /* keccak.c */,
				BE7FDBB720D9CC9500D66B37 /* keccak.h */,
				BE7FDBBB20D9CC9500D66B37 /* UPTEthereumSigner.h */,
				BE7FDBB820D9CC9500D66B37 /* UPTEthereumSigner.m */,
				BE7FDBB620D9CC9500D66B37 /* UPTEthereumSigner+Utils.h */,
				BE7FDBB920D9CC9500D66B37 /* UPTEthereumSigner+Utils.m */,
			);
			path = UPTEthereumSigner;
			sourceTree = "<group>";
		};
		FCDBB97D5ACE75B7B5020340 /* Pods */ = {
			isa = PBXGroup;
			children = (
				59A986F3024745274B230644 /* Pods-UPTEthereumSigner.debug.xcconfig */,
				387970C5103D3B44DB60E4B1 /* Pods-UPTEthereumSigner.release.xcconfig */,
			);
			name = Pods;
			sourceTree = "<group>";
		};
/* End PBXGroup section */

/* Begin PBXNativeTarget section */
		BECA74C720D9CBF7002793C8 /* UPTEthereumSigner */ = {
			isa = PBXNativeTarget;
			buildConfigurationList = BECA74D120D9CBF7002793C8 /* Build configuration list for PBXNativeTarget "UPTEthereumSigner" */;
			buildPhases = (
				216DF0C5772289F57FCC9F8E /* [CP] Check Pods Manifest.lock */,
				BECA74C420D9CBF7002793C8 /* Sources */,
				BECA74C520D9CBF7002793C8 /* Frameworks */,
				BECA74C620D9CBF7002793C8 /* CopyFiles */,
			);
			buildRules = (
			);
			dependencies = (
			);
			name = UPTEthereumSigner;
			productName = UPTEthereumSigner;
			productReference = BECA74C820D9CBF7002793C8 /* libUPTEthereumSigner.a */;
			productType = "com.apple.product-type.library.static";
		};
/* End PBXNativeTarget section */

/* Begin PBXProject section */
		BECA74C020D9CBF7002793C8 /* Project object */ = {
			isa = PBXProject;
			attributes = {
				LastUpgradeCheck = 0940;
				ORGANIZATIONNAME = ConsenSys;
				TargetAttributes = {
					BECA74C720D9CBF7002793C8 = {
						CreatedOnToolsVersion = 9.4;
					};
				};
			};
			buildConfigurationList = BECA74C320D9CBF7002793C8 /* Build configuration list for PBXProject "UPTEthereumSigner" */;
			compatibilityVersion = "Xcode 9.3";
			developmentRegion = en;
			hasScannedForEncodings = 0;
			knownRegions = (
				en,
			);
			mainGroup = BECA74BF20D9CBF7002793C8;
			productRefGroup = BECA74C920D9CBF7002793C8 /* Products */;
			projectDirPath = "";
			projectRoot = "";
			targets = (
				BECA74C720D9CBF7002793C8 /* UPTEthereumSigner */,
			);
		};
/* End PBXProject section */

/* Begin PBXShellScriptBuildPhase section */
		216DF0C5772289F57FCC9F8E /* [CP] Check Pods Manifest.lock */ = {
			isa = PBXShellScriptBuildPhase;
			buildActionMask = 2147483647;
			files = (
			);
			inputPaths = (
				"${PODS_PODFILE_DIR_PATH}/Podfile.lock",
				"${PODS_ROOT}/Manifest.lock",
			);
			name = "[CP] Check Pods Manifest.lock";
			outputPaths = (
				"$(DERIVED_FILE_DIR)/Pods-UPTEthereumSigner-checkManifestLockResult.txt",
			);
			runOnlyForDeploymentPostprocessing = 0;
			shellPath = /bin/sh;
			shellScript = "diff \"${PODS_PODFILE_DIR_PATH}/Podfile.lock\" \"${PODS_ROOT}/Manifest.lock\" > /dev/null\nif [ $? != 0 ] ; then\n    # print error to STDERR\n    echo \"error: The sandbox is not in sync with the Podfile.lock. Run 'pod install' or update your CocoaPods installation.\" >&2\n    exit 1\nfi\n# This output is used by Xcode 'outputs' to avoid re-running this script phase.\necho \"SUCCESS\" > \"${SCRIPT_OUTPUT_FILE_0}\"\n";
			showEnvVarsInLog = 0;
		};
/* End PBXShellScriptBuildPhase section */

/* Begin PBXSourcesBuildPhase section */
		BECA74C420D9CBF7002793C8 /* Sources */ = {
			isa = PBXSourcesBuildPhase;
			buildActionMask = 2147483647;
			files = (
				BE7FDBBD20D9CC9500D66B37 /* UPTEthereumSigner+Utils.m in Sources */,
				BE7FDBBE20D9CC9500D66B37 /* keccak.c in Sources */,
				BE7FDBBC20D9CC9500D66B37 /* UPTEthereumSigner.m in Sources */,
			);
			runOnlyForDeploymentPostprocessing = 0;
		};
/* End PBXSourcesBuildPhase section */

/* Begin XCBuildConfiguration section */
		BECA74CF20D9CBF7002793C8 /* Debug */ = {
			isa = XCBuildConfiguration;
			buildSettings = {
				ALWAYS_SEARCH_USER_PATHS = NO;
				CLANG_ANALYZER_NONNULL = YES;
				CLANG_ANALYZER_NUMBER_OBJECT_CONVERSION = YES_AGGRESSIVE;
				CLANG_CXX_LANGUAGE_STANDARD = "gnu++14";
				CLANG_CXX_LIBRARY = "libc++";
				CLANG_ENABLE_MODULES = YES;
				CLANG_ENABLE_OBJC_ARC = YES;
				CLANG_ENABLE_OBJC_WEAK = YES;
				CLANG_WARN_BLOCK_CAPTURE_AUTORELEASING = YES;
				CLANG_WARN_BOOL_CONVERSION = YES;
				CLANG_WARN_COMMA = YES;
				CLANG_WARN_CONSTANT_CONVERSION = YES;
				CLANG_WARN_DEPRECATED_OBJC_IMPLEMENTATIONS = YES;
				CLANG_WARN_DIRECT_OBJC_ISA_USAGE = YES_ERROR;
				CLANG_WARN_DOCUMENTATION_COMMENTS = YES;
				CLANG_WARN_EMPTY_BODY = YES;
				CLANG_WARN_ENUM_CONVERSION = YES;
				CLANG_WARN_INFINITE_RECURSION = YES;
				CLANG_WARN_INT_CONVERSION = YES;
				CLANG_WARN_NON_LITERAL_NULL_CONVERSION = YES;
				CLANG_WARN_OBJC_IMPLICIT_RETAIN_SELF = YES;
				CLANG_WARN_OBJC_LITERAL_CONVERSION = YES;
				CLANG_WARN_OBJC_ROOT_CLASS = YES_ERROR;
				CLANG_WARN_RANGE_LOOP_ANALYSIS = YES;
				CLANG_WARN_STRICT_PROTOTYPES = YES;
				CLANG_WARN_SUSPICIOUS_MOVE = YES;
				CLANG_WARN_UNGUARDED_AVAILABILITY = YES_AGGRESSIVE;
				CLANG_WARN_UNREACHABLE_CODE = YES;
				CLANG_WARN__DUPLICATE_METHOD_MATCH = YES;
				CODE_SIGN_IDENTITY = "iPhone Developer";
				COPY_PHASE_STRIP = NO;
				DEBUG_INFORMATION_FORMAT = dwarf;
				ENABLE_STRICT_OBJC_MSGSEND = YES;
				ENABLE_TESTABILITY = YES;
				GCC_C_LANGUAGE_STANDARD = gnu11;
				GCC_DYNAMIC_NO_PIC = NO;
				GCC_NO_COMMON_BLOCKS = YES;
				GCC_OPTIMIZATION_LEVEL = 0;
				GCC_PREPROCESSOR_DEFINITIONS = (
					"DEBUG=1",
					"$(inherited)",
				);
				GCC_WARN_64_TO_32_BIT_CONVERSION = YES;
				GCC_WARN_ABOUT_RETURN_TYPE = YES_ERROR;
				GCC_WARN_UNDECLARED_SELECTOR = YES;
				GCC_WARN_UNINITIALIZED_AUTOS = YES_AGGRESSIVE;
				GCC_WARN_UNUSED_FUNCTION = YES;
				GCC_WARN_UNUSED_VARIABLE = YES;
				IPHONEOS_DEPLOYMENT_TARGET = 11.4;
				MTL_ENABLE_DEBUG_INFO = YES;
				ONLY_ACTIVE_ARCH = YES;
				SDKROOT = iphoneos;
			};
			name = Debug;
		};
		BECA74D020D9CBF7002793C8 /* Release */ = {
			isa = XCBuildConfiguration;
			buildSettings = {
				ALWAYS_SEARCH_USER_PATHS = NO;
				CLANG_ANALYZER_NONNULL = YES;
				CLANG_ANALYZER_NUMBER_OBJECT_CONVERSION = YES_AGGRESSIVE;
				CLANG_CXX_LANGUAGE_STANDARD = "gnu++14";
				CLANG_CXX_LIBRARY = "libc++";
				CLANG_ENABLE_MODULES = YES;
				CLANG_ENABLE_OBJC_ARC = YES;
				CLANG_ENABLE_OBJC_WEAK = YES;
				CLANG_WARN_BLOCK_CAPTURE_AUTORELEASING = YES;
				CLANG_WARN_BOOL_CONVERSION = YES;
				CLANG_WARN_COMMA = YES;
				CLANG_WARN_CONSTANT_CONVERSION = YES;
				CLANG_WARN_DEPRECATED_OBJC_IMPLEMENTATIONS = YES;
				CLANG_WARN_DIRECT_OBJC_ISA_USAGE = YES_ERROR;
				CLANG_WARN_DOCUMENTATION_COMMENTS = YES;
				CLANG_WARN_EMPTY_BODY = YES;
				CLANG_WARN_ENUM_CONVERSION = YES;
				CLANG_WARN_INFINITE_RECURSION = YES;
				CLANG_WARN_INT_CONVERSION = YES;
				CLANG_WARN_NON_LITERAL_NULL_CONVERSION = YES;
				CLANG_WARN_OBJC_IMPLICIT_RETAIN_SELF = YES;
				CLANG_WARN_OBJC_LITERAL_CONVERSION = YES;
				CLANG_WARN_OBJC_ROOT_CLASS = YES_ERROR;
				CLANG_WARN_RANGE_LOOP_ANALYSIS = YES;
				CLANG_WARN_STRICT_PROTOTYPES = YES;
				CLANG_WARN_SUSPICIOUS_MOVE = YES;
				CLANG_WARN_UNGUARDED_AVAILABILITY = YES_AGGRESSIVE;
				CLANG_WARN_UNREACHABLE_CODE = YES;
				CLANG_WARN__DUPLICATE_METHOD_MATCH = YES;
				CODE_SIGN_IDENTITY = "iPhone Developer";
				COPY_PHASE_STRIP = NO;
				DEBUG_INFORMATION_FORMAT = "dwarf-with-dsym";
				ENABLE_NS_ASSERTIONS = NO;
				ENABLE_STRICT_OBJC_MSGSEND = YES;
				GCC_C_LANGUAGE_STANDARD = gnu11;
				GCC_NO_COMMON_BLOCKS = YES;
				GCC_WARN_64_TO_32_BIT_CONVERSION = YES;
				GCC_WARN_ABOUT_RETURN_TYPE = YES_ERROR;
				GCC_WARN_UNDECLARED_SELECTOR = YES;
				GCC_WARN_UNINITIALIZED_AUTOS = YES_AGGRESSIVE;
				GCC_WARN_UNUSED_FUNCTION = YES;
				GCC_WARN_UNUSED_VARIABLE = YES;
				IPHONEOS_DEPLOYMENT_TARGET = 11.4;
				MTL_ENABLE_DEBUG_INFO = NO;
				SDKROOT = iphoneos;
				VALIDATE_PRODUCT = YES;
			};
			name = Release;
		};
		BECA74D220D9CBF7002793C8 /* Debug */ = {
			isa = XCBuildConfiguration;
			baseConfigurationReference = 59A986F3024745274B230644 /* Pods-UPTEthereumSigner.debug.xcconfig */;
			buildSettings = {
				CODE_SIGN_STYLE = Automatic;
				DEVELOPMENT_TEAM = GUU9QUKZJ6;
				FRAMEWORK_SEARCH_PATHS = (
					"$(inherited)",
					"$(PROJECT_DIR)/UPTEthereumSigner",
				);
				OTHER_LDFLAGS = "-ObjC";
				PRODUCT_NAME = "$(TARGET_NAME)";
				SKIP_INSTALL = YES;
				TARGETED_DEVICE_FAMILY = "1,2";
			};
			name = Debug;
		};
		BECA74D320D9CBF7002793C8 /* Release */ = {
			isa = XCBuildConfiguration;
			baseConfigurationReference = 387970C5103D3B44DB60E4B1 /* Pods-UPTEthereumSigner.release.xcconfig */;
			buildSettings = {
				CODE_SIGN_STYLE = Automatic;
				DEVELOPMENT_TEAM = GUU9QUKZJ6;
				FRAMEWORK_SEARCH_PATHS = (
					"$(inherited)",
					"$(PROJECT_DIR)/UPTEthereumSigner",
				);
				OTHER_LDFLAGS = "-ObjC";
				PRODUCT_NAME = "$(TARGET_NAME)";
				SKIP_INSTALL = YES;
				TARGETED_DEVICE_FAMILY = "1,2";
			};
			name = Release;
		};
/* End XCBuildConfiguration section */

/* Begin XCConfigurationList section */
		BECA74C320D9CBF7002793C8 /* Build configuration list for PBXProject "UPTEthereumSigner" */ = {
			isa = XCConfigurationList;
			buildConfigurations = (
				BECA74CF20D9CBF7002793C8 /* Debug */,
				BECA74D020D9CBF7002793C8 /* Release */,
			);
			defaultConfigurationIsVisible = 0;
			defaultConfigurationName = Release;
		};
		BECA74D120D9CBF7002793C8 /* Build configuration list for PBXNativeTarget "UPTEthereumSigner" */ = {
			isa = XCConfigurationList;
			buildConfigurations = (
				BECA74D220D9CBF7002793C8 /* Debug */,
				BECA74D320D9CBF7002793C8 /* Release */,
			);
			defaultConfigurationIsVisible = 0;
			defaultConfigurationName = Release;
		};
/* End XCConfigurationList section */
	};
	rootObject = BECA74C020D9CBF7002793C8 /* Project object */;
}
