// !$*UTF8*$!
{
	archiveVersion = 1;
	classes = {
	};
	objectVersion = 50;
	objects = {

/* Begin PBXBuildFile section */
		04C8DE7B20D9E02E003381C2 /* UPTHDSigner.m in Sources */ = {isa = PBXBuildFile; fileRef = 04C8DE7820D9E02E003381C2 /* UPTHDSigner.m */; };
		BE4D0B0020EEC8990027EAAC /* UPTHDSignerSpec.m in Sources */ = {isa = PBXBuildFile; fileRef = BE4D0AFF20EEC8990027EAAC /* UPTHDSignerSpec.m */; };
		BE5B094F20EAC08E00E44FCF /* AppDelegate.m in Sources */ = {isa = PBXBuildFile; fileRef = BE5B094E20EAC08E00E44FCF /* AppDelegate.m */; };
		BE5B095120EAC08F00E44FCF /* Assets.xcassets in Resources */ = {isa = PBXBuildFile; fileRef = BE5B095020EAC08F00E44FCF /* Assets.xcassets */; };
		BE5B095420EAC08F00E44FCF /* LaunchScreen.storyboard in Resources */ = {isa = PBXBuildFile; fileRef = BE5B095220EAC08F00E44FCF /* LaunchScreen.storyboard */; };
		BE5B095720EAC08F00E44FCF /* main.m in Sources */ = {isa = PBXBuildFile; fileRef = BE5B095620EAC08F00E44FCF /* main.m */; };
		BE7FDBBC20D9CC9500D66B37 /* UPTEthereumSigner.m in Sources */ = {isa = PBXBuildFile; fileRef = BE7FDBB820D9CC9500D66B37 /* UPTEthereumSigner.m */; };
		BE7FDBBE20D9CC9500D66B37 /* keccak.c in Sources */ = {isa = PBXBuildFile; fileRef = BE7FDBBA20D9CC9500D66B37 /* keccak.c */; };
		BE9AACD620DAC81000C9BA17 /* KeyPairsTestData.plist in Resources */ = {isa = PBXBuildFile; fileRef = BE9AACD520DAC81000C9BA17 /* KeyPairsTestData.plist */; };
		BE9AACD820DAC81A00C9BA17 /* ReferenceData.plist in Resources */ = {isa = PBXBuildFile; fileRef = BE9AACD720DAC81A00C9BA17 /* ReferenceData.plist */; };
		BE9AACDF20DACA8000C9BA17 /* SignerTests.m in Sources */ = {isa = PBXBuildFile; fileRef = BE9AACDE20DACA8000C9BA17 /* SignerTests.m */; };
		BEB5EA6B20DAC64E005239B2 /* libUPTEthereumSigner.a in Frameworks */ = {isa = PBXBuildFile; fileRef = BECA74C820D9CBF7002793C8 /* libUPTEthereumSigner.a */; };
		BEE21FFE2108142E00564078 /* EthereumSigner.m in Sources */ = {isa = PBXBuildFile; fileRef = BEE21FFD2108142E00564078 /* EthereumSigner.m */; };
		BEE2200321087F9500564078 /* EthereumSignerTest.m in Sources */ = {isa = PBXBuildFile; fileRef = BEE2200221087F9500564078 /* EthereumSignerTest.m */; };
		CC8F5BF8609D43050A61DD3C /* Pods_UPTEthereumSigner.framework in Frameworks */ = {isa = PBXBuildFile; fileRef = 5D81C0305A79098E2D3A8A94 /* Pods_UPTEthereumSigner.framework */; };
		D2009D9B1E6E058DBEA76489 /* Pods_UPTEthereumSignerTests.framework in Frameworks */ = {isa = PBXBuildFile; fileRef = 803379E1C20F6073CAC656C7 /* Pods_UPTEthereumSignerTests.framework */; };
/* End PBXBuildFile section */

/* Begin PBXContainerItemProxy section */
		BE5B095B20EAC09F00E44FCF /* PBXContainerItemProxy */ = {
			isa = PBXContainerItemProxy;
			containerPortal = BECA74C020D9CBF7002793C8 /* Project object */;
			proxyType = 1;
			remoteGlobalIDString = BECA74C720D9CBF7002793C8;
			remoteInfo = UPTEthereumSigner;
		};
		BE5B095F20EAC0B300E44FCF /* PBXContainerItemProxy */ = {
			isa = PBXContainerItemProxy;
			containerPortal = BECA74C020D9CBF7002793C8 /* Project object */;
			proxyType = 1;
			remoteGlobalIDString = BE5B094A20EAC08D00E44FCF;
			remoteInfo = UPTEthereumSignerTestHostApplication;
		};
		BEB5EA6C20DAC64E005239B2 /* PBXContainerItemProxy */ = {
			isa = PBXContainerItemProxy;
			containerPortal = BECA74C020D9CBF7002793C8 /* Project object */;
			proxyType = 1;
			remoteGlobalIDString = BECA74C720D9CBF7002793C8;
			remoteInfo = UPTEthereumSigner;
		};
/* End PBXContainerItemProxy section */

/* Begin PBXCopyFilesBuildPhase section */
		BECA74C620D9CBF7002793C8 /* CopyFiles */ = {
			isa = PBXCopyFilesBuildPhase;
			buildActionMask = 2147483647;
			dstPath = "include/$(PRODUCT_NAME)";
			dstSubfolderSpec = 16;
			files = (
			);
			runOnlyForDeploymentPostprocessing = 0;
		};
/* End PBXCopyFilesBuildPhase section */

/* Begin PBXFileReference section */
		04A39B5E1852CCF6FAFDACC5 /* Pods-UPTEthereumSignerTests.release.xcconfig */ = {isa = PBXFileReference; includeInIndex = 1; lastKnownFileType = text.xcconfig; name = "Pods-UPTEthereumSignerTests.release.xcconfig"; path = "Pods/Target Support Files/Pods-UPTEthereumSignerTests/Pods-UPTEthereumSignerTests.release.xcconfig"; sourceTree = "<group>"; };
		04C8DE7720D9E02E003381C2 /* UPTHDSigner.h */ = {isa = PBXFileReference; fileEncoding = 4; lastKnownFileType = sourcecode.c.h; name = UPTHDSigner.h; path = Classes/UPTHDSigner.h; sourceTree = "<group>"; };
		04C8DE7820D9E02E003381C2 /* UPTHDSigner.m */ = {isa = PBXFileReference; fileEncoding = 4; lastKnownFileType = sourcecode.c.objc; name = UPTHDSigner.m; path = Classes/UPTHDSigner.m; sourceTree = "<group>"; };
		387970C5103D3B44DB60E4B1 /* Pods-UPTEthereumSigner.release.xcconfig */ = {isa = PBXFileReference; includeInIndex = 1; lastKnownFileType = text.xcconfig; name = "Pods-UPTEthereumSigner.release.xcconfig"; path = "Pods/Target Support Files/Pods-UPTEthereumSigner/Pods-UPTEthereumSigner.release.xcconfig"; sourceTree = "<group>"; };
		59A986F3024745274B230644 /* Pods-UPTEthereumSigner.debug.xcconfig */ = {isa = PBXFileReference; includeInIndex = 1; lastKnownFileType = text.xcconfig; name = "Pods-UPTEthereumSigner.debug.xcconfig"; path = "Pods/Target Support Files/Pods-UPTEthereumSigner/Pods-UPTEthereumSigner.debug.xcconfig"; sourceTree = "<group>"; };
		5D81C0305A79098E2D3A8A94 /* Pods_UPTEthereumSigner.framework */ = {isa = PBXFileReference; explicitFileType = wrapper.framework; includeInIndex = 0; path = Pods_UPTEthereumSigner.framework; sourceTree = BUILT_PRODUCTS_DIR; };
		647EF61921A72F2A00DB6921 /* UPTEthereumSigner.podspec */ = {isa = PBXFileReference; fileEncoding = 4; lastKnownFileType = text; path = UPTEthereumSigner.podspec; sourceTree = "<group>"; xcLanguageSpecificationIdentifier = xcode.lang.ruby; };
		803379E1C20F6073CAC656C7 /* Pods_UPTEthereumSignerTests.framework */ = {isa = PBXFileReference; explicitFileType = wrapper.framework; includeInIndex = 0; path = Pods_UPTEthereumSignerTests.framework; sourceTree = BUILT_PRODUCTS_DIR; };
		BE018FA420EF1C460009CD36 /* UPTProtectionLevel.h */ = {isa = PBXFileReference; fileEncoding = 4; lastKnownFileType = sourcecode.c.h; name = UPTProtectionLevel.h; path = Classes/UPTProtectionLevel.h; sourceTree = "<group>"; };
		BE4D0AFF20EEC8990027EAAC /* UPTHDSignerSpec.m */ = {isa = PBXFileReference; lastKnownFileType = sourcecode.c.objc; path = UPTHDSignerSpec.m; sourceTree = "<group>"; };
		BE5B094B20EAC08D00E44FCF /* UPTEthereumSignerTestHostApplication.app */ = {isa = PBXFileReference; explicitFileType = wrapper.application; includeInIndex = 0; path = UPTEthereumSignerTestHostApplication.app; sourceTree = BUILT_PRODUCTS_DIR; };
		BE5B094D20EAC08E00E44FCF /* AppDelegate.h */ = {isa = PBXFileReference; lastKnownFileType = sourcecode.c.h; path = AppDelegate.h; sourceTree = "<group>"; };
		BE5B094E20EAC08E00E44FCF /* AppDelegate.m */ = {isa = PBXFileReference; lastKnownFileType = sourcecode.c.objc; path = AppDelegate.m; sourceTree = "<group>"; };
		BE5B095020EAC08F00E44FCF /* Assets.xcassets */ = {isa = PBXFileReference; lastKnownFileType = folder.assetcatalog; path = Assets.xcassets; sourceTree = "<group>"; };
		BE5B095320EAC08F00E44FCF /* Base */ = {isa = PBXFileReference; lastKnownFileType = file.storyboard; name = Base; path = Base.lproj/LaunchScreen.storyboard; sourceTree = "<group>"; };
		BE5B095520EAC08F00E44FCF /* Info.plist */ = {isa = PBXFileReference; lastKnownFileType = text.plist.xml; path = Info.plist; sourceTree = "<group>"; };
		BE5B095620EAC08F00E44FCF /* main.m */ = {isa = PBXFileReference; lastKnownFileType = sourcecode.c.objc; path = main.m; sourceTree = "<group>"; };
		BE7FDBB720D9CC9500D66B37 /* keccak.h */ = {isa = PBXFileReference; fileEncoding = 4; lastKnownFileType = sourcecode.c.h; name = keccak.h; path = Classes/keccak.h; sourceTree = "<group>"; };
		BE7FDBB820D9CC9500D66B37 /* UPTEthereumSigner.m */ = {isa = PBXFileReference; fileEncoding = 4; lastKnownFileType = sourcecode.c.objc; name = UPTEthereumSigner.m; path = Classes/UPTEthereumSigner.m; sourceTree = "<group>"; };
		BE7FDBBA20D9CC9500D66B37 /* keccak.c */ = {isa = PBXFileReference; fileEncoding = 4; lastKnownFileType = sourcecode.c.c; name = keccak.c; path = Classes/keccak.c; sourceTree = "<group>"; };
		BE7FDBBB20D9CC9500D66B37 /* UPTEthereumSigner.h */ = {isa = PBXFileReference; fileEncoding = 4; lastKnownFileType = sourcecode.c.h; name = UPTEthereumSigner.h; path = Classes/UPTEthereumSigner.h; sourceTree = "<group>"; };
		BE9AACD520DAC81000C9BA17 /* KeyPairsTestData.plist */ = {isa = PBXFileReference; fileEncoding = 4; lastKnownFileType = text.plist.xml; path = KeyPairsTestData.plist; sourceTree = "<group>"; };
		BE9AACD720DAC81A00C9BA17 /* ReferenceData.plist */ = {isa = PBXFileReference; fileEncoding = 4; lastKnownFileType = text.plist.xml; path = ReferenceData.plist; sourceTree = "<group>"; };
		BE9AACDE20DACA8000C9BA17 /* SignerTests.m */ = {isa = PBXFileReference; lastKnownFileType = sourcecode.c.objc; path = SignerTests.m; sourceTree = "<group>"; };
		BE9AACE020DACAEE00C9BA17 /* Tests-Prefix.pch */ = {isa = PBXFileReference; fileEncoding = 4; lastKnownFileType = sourcecode.c.h; path = "Tests-Prefix.pch"; sourceTree = "<group>"; };
		BEB5EA6620DAC64E005239B2 /* UPTEthereumSignerTests.xctest */ = {isa = PBXFileReference; explicitFileType = wrapper.cfbundle; includeInIndex = 0; path = UPTEthereumSignerTests.xctest; sourceTree = BUILT_PRODUCTS_DIR; };
		BEB5EA6A20DAC64E005239B2 /* Info.plist */ = {isa = PBXFileReference; lastKnownFileType = text.plist.xml; path = Info.plist; sourceTree = "<group>"; };
		BEC940E020E9F51700782F06 /* Specta.framework */ = {isa = PBXFileReference; explicitFileType = wrapper.framework; path = Specta.framework; sourceTree = BUILT_PRODUCTS_DIR; };
		BECA74C820D9CBF7002793C8 /* libUPTEthereumSigner.a */ = {isa = PBXFileReference; explicitFileType = archive.ar; includeInIndex = 0; path = libUPTEthereumSigner.a; sourceTree = BUILT_PRODUCTS_DIR; };
		BEE21FFC2108142E00564078 /* EthereumSigner.h */ = {isa = PBXFileReference; fileEncoding = 4; lastKnownFileType = sourcecode.c.h; name = EthereumSigner.h; path = Classes/EthereumSigner.h; sourceTree = "<group>"; };
		BEE21FFD2108142E00564078 /* EthereumSigner.m */ = {isa = PBXFileReference; fileEncoding = 4; lastKnownFileType = sourcecode.c.objc; name = EthereumSigner.m; path = Classes/EthereumSigner.m; sourceTree = "<group>"; };
		BEE2200221087F9500564078 /* EthereumSignerTest.m */ = {isa = PBXFileReference; lastKnownFileType = sourcecode.c.objc; path = EthereumSignerTest.m; sourceTree = "<group>"; };
		FDB2564AFD663FA6879A0761 /* Pods-UPTEthereumSignerTests.debug.xcconfig */ = {isa = PBXFileReference; includeInIndex = 1; lastKnownFileType = text.xcconfig; name = "Pods-UPTEthereumSignerTests.debug.xcconfig"; path = "Pods/Target Support Files/Pods-UPTEthereumSignerTests/Pods-UPTEthereumSignerTests.debug.xcconfig"; sourceTree = "<group>"; };
/* End PBXFileReference section */

/* Begin PBXFrameworksBuildPhase section */
		BE5B094820EAC08D00E44FCF /* Frameworks */ = {
			isa = PBXFrameworksBuildPhase;
			buildActionMask = 2147483647;
			files = (
			);
			runOnlyForDeploymentPostprocessing = 0;
		};
		BEB5EA6320DAC64E005239B2 /* Frameworks */ = {
			isa = PBXFrameworksBuildPhase;
			buildActionMask = 2147483647;
			files = (
				BEB5EA6B20DAC64E005239B2 /* libUPTEthereumSigner.a in Frameworks */,
				D2009D9B1E6E058DBEA76489 /* Pods_UPTEthereumSignerTests.framework in Frameworks */,
			);
			runOnlyForDeploymentPostprocessing = 0;
		};
		BECA74C520D9CBF7002793C8 /* Frameworks */ = {
			isa = PBXFrameworksBuildPhase;
			buildActionMask = 2147483647;
			files = (
				CC8F5BF8609D43050A61DD3C /* Pods_UPTEthereumSigner.framework in Frameworks */,
			);
			runOnlyForDeploymentPostprocessing = 0;
		};
/* End PBXFrameworksBuildPhase section */

/* Begin PBXGroup section */
		BE5B094C20EAC08E00E44FCF /* UPTEthereumSignerTestHostApplication */ = {
			isa = PBXGroup;
			children = (
				BE5B094D20EAC08E00E44FCF /* AppDelegate.h */,
				BE5B094E20EAC08E00E44FCF /* AppDelegate.m */,
				BE5B095020EAC08F00E44FCF /* Assets.xcassets */,
				BE5B095220EAC08F00E44FCF /* LaunchScreen.storyboard */,
				BE5B095520EAC08F00E44FCF /* Info.plist */,
				BE5B095620EAC08F00E44FCF /* main.m */,
			);
			path = UPTEthereumSignerTestHostApplication;
			sourceTree = "<group>";
		};
		BE7FDBBF20D9CCC800D66B37 /* Frameworks */ = {
			isa = PBXGroup;
			children = (
				BEC940E020E9F51700782F06 /* Specta.framework */,
				5D81C0305A79098E2D3A8A94 /* Pods_UPTEthereumSigner.framework */,
				803379E1C20F6073CAC656C7 /* Pods_UPTEthereumSignerTests.framework */,
			);
			name = Frameworks;
			sourceTree = "<group>";
		};
		BEB5EA6720DAC64E005239B2 /* UPTEthereumSignerTests */ = {
			isa = PBXGroup;
			children = (
				BEE2200221087F9500564078 /* EthereumSignerTest.m */,
				BE4D0AFF20EEC8990027EAAC /* UPTHDSignerSpec.m */,
				BE9AACE020DACAEE00C9BA17 /* Tests-Prefix.pch */,
				BE9AACDE20DACA8000C9BA17 /* SignerTests.m */,
				BEB5EA6A20DAC64E005239B2 /* Info.plist */,
				BE9AACD520DAC81000C9BA17 /* KeyPairsTestData.plist */,
				BE9AACD720DAC81A00C9BA17 /* ReferenceData.plist */,
			);
			path = UPTEthereumSignerTests;
			sourceTree = "<group>";
		};
		BECA74BF20D9CBF7002793C8 = {
			isa = PBXGroup;
			children = (
				647EF61921A72F2A00DB6921 /* UPTEthereumSigner.podspec */,
				BECA74CA20D9CBF7002793C8 /* UPTEthereumSigner */,
				BEB5EA6720DAC64E005239B2 /* UPTEthereumSignerTests */,
				BE5B094C20EAC08E00E44FCF /* UPTEthereumSignerTestHostApplication */,
				BECA74C920D9CBF7002793C8 /* Products */,
				BE7FDBBF20D9CCC800D66B37 /* Frameworks */,
				FCDBB97D5ACE75B7B5020340 /* Pods */,
			);
			sourceTree = "<group>";
		};
		BECA74C920D9CBF7002793C8 /* Products */ = {
			isa = PBXGroup;
			children = (
				BECA74C820D9CBF7002793C8 /* libUPTEthereumSigner.a */,
				BEB5EA6620DAC64E005239B2 /* UPTEthereumSignerTests.xctest */,
				BE5B094B20EAC08D00E44FCF /* UPTEthereumSignerTestHostApplication.app */,
			);
			name = Products;
			sourceTree = "<group>";
		};
		BECA74CA20D9CBF7002793C8 /* UPTEthereumSigner */ = {
			isa = PBXGroup;
			children = (
				BEE21FFC2108142E00564078 /* EthereumSigner.h */,
				BEE21FFD2108142E00564078 /* EthereumSigner.m */,
				BE7FDBBA20D9CC9500D66B37 /* keccak.c */,
				BE7FDBB720D9CC9500D66B37 /* keccak.h */,
				BE7FDBBB20D9CC9500D66B37 /* UPTEthereumSigner.h */,
				BE7FDBB820D9CC9500D66B37 /* UPTEthereumSigner.m */,
				04C8DE7720D9E02E003381C2 /* UPTHDSigner.h */,
				04C8DE7820D9E02E003381C2 /* UPTHDSigner.m */,
				BE018FA420EF1C460009CD36 /* UPTProtectionLevel.h */,
			);
			path = UPTEthereumSigner;
			sourceTree = "<group>";
		};
		FCDBB97D5ACE75B7B5020340 /* Pods */ = {
			isa = PBXGroup;
			children = (
				59A986F3024745274B230644 /* Pods-UPTEthereumSigner.debug.xcconfig */,
				387970C5103D3B44DB60E4B1 /* Pods-UPTEthereumSigner.release.xcconfig */,
				FDB2564AFD663FA6879A0761 /* Pods-UPTEthereumSignerTests.debug.xcconfig */,
				04A39B5E1852CCF6FAFDACC5 /* Pods-UPTEthereumSignerTests.release.xcconfig */,
			);
			name = Pods;
			sourceTree = "<group>";
		};
/* End PBXGroup section */

/* Begin PBXNativeTarget section */
		BE5B094A20EAC08D00E44FCF /* UPTEthereumSignerTestHostApplication */ = {
			isa = PBXNativeTarget;
			buildConfigurationList = BE5B095820EAC08F00E44FCF /* Build configuration list for PBXNativeTarget "UPTEthereumSignerTestHostApplication" */;
			buildPhases = (
				BE5B094720EAC08D00E44FCF /* Sources */,
				BE5B094820EAC08D00E44FCF /* Frameworks */,
				BE5B094920EAC08D00E44FCF /* Resources */,
			);
			buildRules = (
			);
			dependencies = (
				BE5B095C20EAC09F00E44FCF /* PBXTargetDependency */,
			);
			name = UPTEthereumSignerTestHostApplication;
			productName = UPTEthereumSignerTestHostApplication;
			productReference = BE5B094B20EAC08D00E44FCF /* UPTEthereumSignerTestHostApplication.app */;
			productType = "com.apple.product-type.application";
		};
		BEB5EA6520DAC64E005239B2 /* UPTEthereumSignerTests */ = {
			isa = PBXNativeTarget;
			buildConfigurationList = BEB5EA7020DAC64E005239B2 /* Build configuration list for PBXNativeTarget "UPTEthereumSignerTests" */;
			buildPhases = (
				D8564D75DA90EF48C03B6AC5 /* [CP] Check Pods Manifest.lock */,
				BEB5EA6220DAC64E005239B2 /* Sources */,
				BEB5EA6320DAC64E005239B2 /* Frameworks */,
				BEB5EA6420DAC64E005239B2 /* Resources */,
				8B10102A5586B43E2E3E50EE /* [CP] Embed Pods Frameworks */,
			);
			buildRules = (
			);
			dependencies = (
				BE5B096020EAC0B300E44FCF /* PBXTargetDependency */,
				BEB5EA6D20DAC64E005239B2 /* PBXTargetDependency */,
			);
			name = UPTEthereumSignerTests;
			productName = UPTEthereumSignerTests;
			productReference = BEB5EA6620DAC64E005239B2 /* UPTEthereumSignerTests.xctest */;
			productType = "com.apple.product-type.bundle.unit-test";
		};
		BECA74C720D9CBF7002793C8 /* UPTEthereumSigner */ = {
			isa = PBXNativeTarget;
			buildConfigurationList = BECA74D120D9CBF7002793C8 /* Build configuration list for PBXNativeTarget "UPTEthereumSigner" */;
			buildPhases = (
				216DF0C5772289F57FCC9F8E /* [CP] Check Pods Manifest.lock */,
				BECA74C420D9CBF7002793C8 /* Sources */,
				BECA74C520D9CBF7002793C8 /* Frameworks */,
				BECA74C620D9CBF7002793C8 /* CopyFiles */,
			);
			buildRules = (
			);
			dependencies = (
			);
			name = UPTEthereumSigner;
			productName = UPTEthereumSigner;
			productReference = BECA74C820D9CBF7002793C8 /* libUPTEthereumSigner.a */;
			productType = "com.apple.product-type.library.static";
		};
/* End PBXNativeTarget section */

/* Begin PBXProject section */
		BECA74C020D9CBF7002793C8 /* Project object */ = {
			isa = PBXProject;
			attributes = {
				LastUpgradeCheck = 0940;
				ORGANIZATIONNAME = ConsenSys;
				TargetAttributes = {
					BE5B094A20EAC08D00E44FCF = {
						CreatedOnToolsVersion = 9.4.1;
					};
					BEB5EA6520DAC64E005239B2 = {
						CreatedOnToolsVersion = 9.4;
						TestTargetID = BE5B094A20EAC08D00E44FCF;
					};
					BECA74C720D9CBF7002793C8 = {
						CreatedOnToolsVersion = 9.4;
					};
				};
			};
			buildConfigurationList = BECA74C320D9CBF7002793C8 /* Build configuration list for PBXProject "UPTEthereumSigner" */;
			compatibilityVersion = "Xcode 9.3";
			developmentRegion = en;
			hasScannedForEncodings = 0;
			knownRegions = (
				en,
				Base,
			);
			mainGroup = BECA74BF20D9CBF7002793C8;
			productRefGroup = BECA74C920D9CBF7002793C8 /* Products */;
			projectDirPath = "";
			projectRoot = "";
			targets = (
				BECA74C720D9CBF7002793C8 /* UPTEthereumSigner */,
				BEB5EA6520DAC64E005239B2 /* UPTEthereumSignerTests */,
				BE5B094A20EAC08D00E44FCF /* UPTEthereumSignerTestHostApplication */,
			);
		};
/* End PBXProject section */

/* Begin PBXResourcesBuildPhase section */
		BE5B094920EAC08D00E44FCF /* Resources */ = {
			isa = PBXResourcesBuildPhase;
			buildActionMask = 2147483647;
			files = (
				BE5B095120EAC08F00E44FCF /* Assets.xcassets in Resources */,
				BE5B095420EAC08F00E44FCF /* LaunchScreen.storyboard in Resources */,
			);
			runOnlyForDeploymentPostprocessing = 0;
		};
		BEB5EA6420DAC64E005239B2 /* Resources */ = {
			isa = PBXResourcesBuildPhase;
			buildActionMask = 2147483647;
			files = (
				BE9AACD820DAC81A00C9BA17 /* ReferenceData.plist in Resources */,
				BE9AACD620DAC81000C9BA17 /* KeyPairsTestData.plist in Resources */,
			);
			runOnlyForDeploymentPostprocessing = 0;
		};
/* End PBXResourcesBuildPhase section */

/* Begin PBXShellScriptBuildPhase section */
		216DF0C5772289F57FCC9F8E /* [CP] Check Pods Manifest.lock */ = {
			isa = PBXShellScriptBuildPhase;
			buildActionMask = 2147483647;
			files = (
			);
			inputPaths = (
				"${PODS_PODFILE_DIR_PATH}/Podfile.lock",
				"${PODS_ROOT}/Manifest.lock",
			);
			name = "[CP] Check Pods Manifest.lock";
			outputPaths = (
				"$(DERIVED_FILE_DIR)/Pods-UPTEthereumSigner-checkManifestLockResult.txt",
			);
			runOnlyForDeploymentPostprocessing = 0;
			shellPath = /bin/sh;
			shellScript = "diff \"${PODS_PODFILE_DIR_PATH}/Podfile.lock\" \"${PODS_ROOT}/Manifest.lock\" > /dev/null\nif [ $? != 0 ] ; then\n    # print error to STDERR\n    echo \"error: The sandbox is not in sync with the Podfile.lock. Run 'pod install' or update your CocoaPods installation.\" >&2\n    exit 1\nfi\n# This output is used by Xcode 'outputs' to avoid re-running this script phase.\necho \"SUCCESS\" > \"${SCRIPT_OUTPUT_FILE_0}\"\n";
			showEnvVarsInLog = 0;
		};
		8B10102A5586B43E2E3E50EE /* [CP] Embed Pods Frameworks */ = {
			isa = PBXShellScriptBuildPhase;
			buildActionMask = 2147483647;
			files = (
			);
			inputPaths = (
				"${SRCROOT}/Pods/Target Support Files/Pods-UPTEthereumSignerTests/Pods-UPTEthereumSignerTests-frameworks.sh",
				"${BUILT_PRODUCTS_DIR}/Expecta/Expecta.framework",
				"${BUILT_PRODUCTS_DIR}/Specta/Specta.framework",
				"${BUILT_PRODUCTS_DIR}/CoreEthereum/CoreEthereum.framework",
				"${BUILT_PRODUCTS_DIR}/ISO8601DateFormatter/ISO8601DateFormatter.framework",
				"${BUILT_PRODUCTS_DIR}/Valet/Valet.framework",
			);
			name = "[CP] Embed Pods Frameworks";
			outputPaths = (
				"${TARGET_BUILD_DIR}/${FRAMEWORKS_FOLDER_PATH}/Expecta.framework",
				"${TARGET_BUILD_DIR}/${FRAMEWORKS_FOLDER_PATH}/Specta.framework",
				"${TARGET_BUILD_DIR}/${FRAMEWORKS_FOLDER_PATH}/CoreEthereum.framework",
				"${TARGET_BUILD_DIR}/${FRAMEWORKS_FOLDER_PATH}/ISO8601DateFormatter.framework",
				"${TARGET_BUILD_DIR}/${FRAMEWORKS_FOLDER_PATH}/Valet.framework",
			);
			runOnlyForDeploymentPostprocessing = 0;
			shellPath = /bin/sh;
			shellScript = "\"${SRCROOT}/Pods/Target Support Files/Pods-UPTEthereumSignerTests/Pods-UPTEthereumSignerTests-frameworks.sh\"\n";
			showEnvVarsInLog = 0;
		};
		D8564D75DA90EF48C03B6AC5 /* [CP] Check Pods Manifest.lock */ = {
			isa = PBXShellScriptBuildPhase;
			buildActionMask = 2147483647;
			files = (
			);
			inputPaths = (
				"${PODS_PODFILE_DIR_PATH}/Podfile.lock",
				"${PODS_ROOT}/Manifest.lock",
			);
			name = "[CP] Check Pods Manifest.lock";
			outputPaths = (
				"$(DERIVED_FILE_DIR)/Pods-UPTEthereumSignerTests-checkManifestLockResult.txt",
			);
			runOnlyForDeploymentPostprocessing = 0;
			shellPath = /bin/sh;
			shellScript = "diff \"${PODS_PODFILE_DIR_PATH}/Podfile.lock\" \"${PODS_ROOT}/Manifest.lock\" > /dev/null\nif [ $? != 0 ] ; then\n    # print error to STDERR\n    echo \"error: The sandbox is not in sync with the Podfile.lock. Run 'pod install' or update your CocoaPods installation.\" >&2\n    exit 1\nfi\n# This output is used by Xcode 'outputs' to avoid re-running this script phase.\necho \"SUCCESS\" > \"${SCRIPT_OUTPUT_FILE_0}\"\n";
			showEnvVarsInLog = 0;
		};
/* End PBXShellScriptBuildPhase section */

/* Begin PBXSourcesBuildPhase section */
		BE5B094720EAC08D00E44FCF /* Sources */ = {
			isa = PBXSourcesBuildPhase;
			buildActionMask = 2147483647;
			files = (
				BE5B095720EAC08F00E44FCF /* main.m in Sources */,
				BE5B094F20EAC08E00E44FCF /* AppDelegate.m in Sources */,
			);
			runOnlyForDeploymentPostprocessing = 0;
		};
		BEB5EA6220DAC64E005239B2 /* Sources */ = {
			isa = PBXSourcesBuildPhase;
			buildActionMask = 2147483647;
			files = (
				BEE2200321087F9500564078 /* EthereumSignerTest.m in Sources */,
				BE4D0B0020EEC8990027EAAC /* UPTHDSignerSpec.m in Sources */,
				BE9AACDF20DACA8000C9BA17 /* SignerTests.m in Sources */,
			);
			runOnlyForDeploymentPostprocessing = 0;
		};
		BECA74C420D9CBF7002793C8 /* Sources */ = {
			isa = PBXSourcesBuildPhase;
			buildActionMask = 2147483647;
			files = (
				04C8DE7B20D9E02E003381C2 /* UPTHDSigner.m in Sources */,
				BE7FDBBE20D9CC9500D66B37 /* keccak.c in Sources */,
				BEE21FFE2108142E00564078 /* EthereumSigner.m in Sources */,
				BE7FDBBC20D9CC9500D66B37 /* UPTEthereumSigner.m in Sources */,
			);
			runOnlyForDeploymentPostprocessing = 0;
		};
/* End PBXSourcesBuildPhase section */

/* Begin PBXTargetDependency section */
		BE5B095C20EAC09F00E44FCF /* PBXTargetDependency */ = {
			isa = PBXTargetDependency;
			target = BECA74C720D9CBF7002793C8 /* UPTEthereumSigner */;
			targetProxy = BE5B095B20EAC09F00E44FCF /* PBXContainerItemProxy */;
		};
		BE5B096020EAC0B300E44FCF /* PBXTargetDependency */ = {
			isa = PBXTargetDependency;
			target = BE5B094A20EAC08D00E44FCF /* UPTEthereumSignerTestHostApplication */;
			targetProxy = BE5B095F20EAC0B300E44FCF /* PBXContainerItemProxy */;
		};
		BEB5EA6D20DAC64E005239B2 /* PBXTargetDependency */ = {
			isa = PBXTargetDependency;
			target = BECA74C720D9CBF7002793C8 /* UPTEthereumSigner */;
			targetProxy = BEB5EA6C20DAC64E005239B2 /* PBXContainerItemProxy */;
		};
/* End PBXTargetDependency section */

/* Begin PBXVariantGroup section */
		BE5B095220EAC08F00E44FCF /* LaunchScreen.storyboard */ = {
			isa = PBXVariantGroup;
			children = (
				BE5B095320EAC08F00E44FCF /* Base */,
			);
			name = LaunchScreen.storyboard;
			sourceTree = "<group>";
		};
/* End PBXVariantGroup section */

/* Begin XCBuildConfiguration section */
		BE5B095920EAC08F00E44FCF /* Debug */ = {
			isa = XCBuildConfiguration;
			buildSettings = {
				ASSETCATALOG_COMPILER_APPICON_NAME = AppIcon;
				CODE_SIGN_STYLE = Automatic;
				DEVELOPMENT_TEAM = 82SAVLYZ3K;
				INFOPLIST_FILE = UPTEthereumSignerTestHostApplication/Info.plist;
				IPHONEOS_DEPLOYMENT_TARGET = 9.0;
				LD_RUNPATH_SEARCH_PATHS = (
					"$(inherited)",
					"@executable_path/Frameworks",
				);
				PRODUCT_BUNDLE_IDENTIFIER = net.consensys.UPTEthereumSignerTestHostApplication;
				PRODUCT_NAME = "$(TARGET_NAME)";
				TARGETED_DEVICE_FAMILY = "1,2";
			};
			name = Debug;
		};
		BE5B095A20EAC08F00E44FCF /* Release */ = {
			isa = XCBuildConfiguration;
			buildSettings = {
				ASSETCATALOG_COMPILER_APPICON_NAME = AppIcon;
				CODE_SIGN_STYLE = Automatic;
				DEVELOPMENT_TEAM = 82SAVLYZ3K;
				INFOPLIST_FILE = UPTEthereumSignerTestHostApplication/Info.plist;
				IPHONEOS_DEPLOYMENT_TARGET = 9.0;
				LD_RUNPATH_SEARCH_PATHS = (
					"$(inherited)",
					"@executable_path/Frameworks",
				);
				PRODUCT_BUNDLE_IDENTIFIER = net.consensys.UPTEthereumSignerTestHostApplication;
				PRODUCT_NAME = "$(TARGET_NAME)";
				TARGETED_DEVICE_FAMILY = "1,2";
			};
			name = Release;
		};
		BEB5EA6E20DAC64E005239B2 /* Debug */ = {
			isa = XCBuildConfiguration;
			baseConfigurationReference = FDB2564AFD663FA6879A0761 /* Pods-UPTEthereumSignerTests.debug.xcconfig */;
			buildSettings = {
				CODE_SIGN_STYLE = Automatic;
				DEVELOPMENT_TEAM = 82SAVLYZ3K;
				FRAMEWORK_SEARCH_PATHS = (
					"$(inherited)",
					"$(PROJECT_DIR)/UPTEthereumSigner",
				);
				GCC_PREFIX_HEADER = "$(PROJECT_DIR)/UPTEthereumSignerTests/Tests-Prefix.pch";
				INFOPLIST_FILE = UPTEthereumSignerTests/Info.plist;
				LD_RUNPATH_SEARCH_PATHS = (
					"$(inherited)",
					"@executable_path/Frameworks",
					"@loader_path/Frameworks",
				);
				PRODUCT_BUNDLE_IDENTIFIER = net.consensys.UPTEthereumSignerTests;
				PRODUCT_NAME = "$(TARGET_NAME)";
				TARGETED_DEVICE_FAMILY = "1,2";
				TEST_HOST = "$(BUILT_PRODUCTS_DIR)/UPTEthereumSignerTestHostApplication.app/UPTEthereumSignerTestHostApplication";
			};
			name = Debug;
		};
		BEB5EA6F20DAC64E005239B2 /* Release */ = {
			isa = XCBuildConfiguration;
			baseConfigurationReference = 04A39B5E1852CCF6FAFDACC5 /* Pods-UPTEthereumSignerTests.release.xcconfig */;
			buildSettings = {
				CODE_SIGN_STYLE = Automatic;
				DEVELOPMENT_TEAM = 82SAVLYZ3K;
				FRAMEWORK_SEARCH_PATHS = (
					"$(inherited)",
					"$(PROJECT_DIR)/UPTEthereumSigner",
				);
				GCC_PREFIX_HEADER = "$(PROJECT_DIR)/UPTEthereumSignerTests/Tests-Prefix.pch";
				INFOPLIST_FILE = UPTEthereumSignerTests/Info.plist;
				LD_RUNPATH_SEARCH_PATHS = (
					"$(inherited)",
					"@executable_path/Frameworks",
					"@loader_path/Frameworks",
				);
				PRODUCT_BUNDLE_IDENTIFIER = net.consensys.UPTEthereumSignerTests;
				PRODUCT_NAME = "$(TARGET_NAME)";
				TARGETED_DEVICE_FAMILY = "1,2";
				TEST_HOST = "$(BUILT_PRODUCTS_DIR)/UPTEthereumSignerTestHostApplication.app/UPTEthereumSignerTestHostApplication";
			};
			name = Release;
		};
		BECA74CF20D9CBF7002793C8 /* Debug */ = {
			isa = XCBuildConfiguration;
			buildSettings = {
				ALWAYS_SEARCH_USER_PATHS = NO;
				CLANG_ANALYZER_NONNULL = YES;
				CLANG_ANALYZER_NUMBER_OBJECT_CONVERSION = YES_AGGRESSIVE;
				CLANG_CXX_LANGUAGE_STANDARD = "gnu++14";
				CLANG_CXX_LIBRARY = "libc++";
				CLANG_ENABLE_MODULES = YES;
				CLANG_ENABLE_OBJC_ARC = YES;
				CLANG_ENABLE_OBJC_WEAK = YES;
				CLANG_WARN_BLOCK_CAPTURE_AUTORELEASING = YES;
				CLANG_WARN_BOOL_CONVERSION = YES;
				CLANG_WARN_COMMA = YES;
				CLANG_WARN_CONSTANT_CONVERSION = YES;
				CLANG_WARN_DEPRECATED_OBJC_IMPLEMENTATIONS = YES;
				CLANG_WARN_DIRECT_OBJC_ISA_USAGE = YES_ERROR;
				CLANG_WARN_DOCUMENTATION_COMMENTS = YES;
				CLANG_WARN_EMPTY_BODY = YES;
				CLANG_WARN_ENUM_CONVERSION = YES;
				CLANG_WARN_INFINITE_RECURSION = YES;
				CLANG_WARN_INT_CONVERSION = YES;
				CLANG_WARN_NON_LITERAL_NULL_CONVERSION = YES;
				CLANG_WARN_OBJC_IMPLICIT_RETAIN_SELF = YES;
				CLANG_WARN_OBJC_LITERAL_CONVERSION = YES;
				CLANG_WARN_OBJC_ROOT_CLASS = YES_ERROR;
				CLANG_WARN_RANGE_LOOP_ANALYSIS = YES;
				CLANG_WARN_STRICT_PROTOTYPES = YES;
				CLANG_WARN_SUSPICIOUS_MOVE = YES;
				CLANG_WARN_UNGUARDED_AVAILABILITY = YES_AGGRESSIVE;
				CLANG_WARN_UNREACHABLE_CODE = YES;
				CLANG_WARN__DUPLICATE_METHOD_MATCH = YES;
				CODE_SIGN_IDENTITY = "iPhone Developer";
				COPY_PHASE_STRIP = NO;
				DEBUG_INFORMATION_FORMAT = dwarf;
				ENABLE_STRICT_OBJC_MSGSEND = YES;
				ENABLE_TESTABILITY = YES;
				GCC_C_LANGUAGE_STANDARD = gnu11;
				GCC_DYNAMIC_NO_PIC = NO;
				GCC_NO_COMMON_BLOCKS = YES;
				GCC_OPTIMIZATION_LEVEL = 0;
				GCC_PREPROCESSOR_DEFINITIONS = (
					"DEBUG=1",
					"$(inherited)",
				);
				GCC_WARN_64_TO_32_BIT_CONVERSION = YES;
				GCC_WARN_ABOUT_RETURN_TYPE = YES_ERROR;
				GCC_WARN_UNDECLARED_SELECTOR = YES;
				GCC_WARN_UNINITIALIZED_AUTOS = YES_AGGRESSIVE;
				GCC_WARN_UNUSED_FUNCTION = YES;
				GCC_WARN_UNUSED_VARIABLE = YES;
				IPHONEOS_DEPLOYMENT_TARGET = 11.4;
				MTL_ENABLE_DEBUG_INFO = YES;
				ONLY_ACTIVE_ARCH = YES;
				SDKROOT = iphoneos;
			};
			name = Debug;
		};
		BECA74D020D9CBF7002793C8 /* Release */ = {
			isa = XCBuildConfiguration;
			buildSettings = {
				ALWAYS_SEARCH_USER_PATHS = NO;
				CLANG_ANALYZER_NONNULL = YES;
				CLANG_ANALYZER_NUMBER_OBJECT_CONVERSION = YES_AGGRESSIVE;
				CLANG_CXX_LANGUAGE_STANDARD = "gnu++14";
				CLANG_CXX_LIBRARY = "libc++";
				CLANG_ENABLE_MODULES = YES;
				CLANG_ENABLE_OBJC_ARC = YES;
				CLANG_ENABLE_OBJC_WEAK = YES;
				CLANG_WARN_BLOCK_CAPTURE_AUTORELEASING = YES;
				CLANG_WARN_BOOL_CONVERSION = YES;
				CLANG_WARN_COMMA = YES;
				CLANG_WARN_CONSTANT_CONVERSION = YES;
				CLANG_WARN_DEPRECATED_OBJC_IMPLEMENTATIONS = YES;
				CLANG_WARN_DIRECT_OBJC_ISA_USAGE = YES_ERROR;
				CLANG_WARN_DOCUMENTATION_COMMENTS = YES;
				CLANG_WARN_EMPTY_BODY = YES;
				CLANG_WARN_ENUM_CONVERSION = YES;
				CLANG_WARN_INFINITE_RECURSION = YES;
				CLANG_WARN_INT_CONVERSION = YES;
				CLANG_WARN_NON_LITERAL_NULL_CONVERSION = YES;
				CLANG_WARN_OBJC_IMPLICIT_RETAIN_SELF = YES;
				CLANG_WARN_OBJC_LITERAL_CONVERSION = YES;
				CLANG_WARN_OBJC_ROOT_CLASS = YES_ERROR;
				CLANG_WARN_RANGE_LOOP_ANALYSIS = YES;
				CLANG_WARN_STRICT_PROTOTYPES = YES;
				CLANG_WARN_SUSPICIOUS_MOVE = YES;
				CLANG_WARN_UNGUARDED_AVAILABILITY = YES_AGGRESSIVE;
				CLANG_WARN_UNREACHABLE_CODE = YES;
				CLANG_WARN__DUPLICATE_METHOD_MATCH = YES;
				CODE_SIGN_IDENTITY = "iPhone Developer";
				COPY_PHASE_STRIP = NO;
				DEBUG_INFORMATION_FORMAT = "dwarf-with-dsym";
				ENABLE_NS_ASSERTIONS = NO;
				ENABLE_STRICT_OBJC_MSGSEND = YES;
				GCC_C_LANGUAGE_STANDARD = gnu11;
				GCC_NO_COMMON_BLOCKS = YES;
				GCC_WARN_64_TO_32_BIT_CONVERSION = YES;
				GCC_WARN_ABOUT_RETURN_TYPE = YES_ERROR;
				GCC_WARN_UNDECLARED_SELECTOR = YES;
				GCC_WARN_UNINITIALIZED_AUTOS = YES_AGGRESSIVE;
				GCC_WARN_UNUSED_FUNCTION = YES;
				GCC_WARN_UNUSED_VARIABLE = YES;
				IPHONEOS_DEPLOYMENT_TARGET = 11.4;
				MTL_ENABLE_DEBUG_INFO = NO;
				SDKROOT = iphoneos;
				VALIDATE_PRODUCT = YES;
			};
			name = Release;
		};
		BECA74D220D9CBF7002793C8 /* Debug */ = {
			isa = XCBuildConfiguration;
			baseConfigurationReference = 59A986F3024745274B230644 /* Pods-UPTEthereumSigner.debug.xcconfig */;
			buildSettings = {
				CODE_SIGN_STYLE = Automatic;
				DEVELOPMENT_TEAM = GUU9QUKZJ6;
				FRAMEWORK_SEARCH_PATHS = (
					"$(inherited)",
					"$(PROJECT_DIR)/UPTEthereumSigner",
				);
				OTHER_LDFLAGS = "-ObjC";
				PRODUCT_NAME = "$(TARGET_NAME)";
				SKIP_INSTALL = YES;
				TARGETED_DEVICE_FAMILY = "1,2";
			};
			name = Debug;
		};
		BECA74D320D9CBF7002793C8 /* Release */ = {
			isa = XCBuildConfiguration;
			baseConfigurationReference = 387970C5103D3B44DB60E4B1 /* Pods-UPTEthereumSigner.release.xcconfig */;
			buildSettings = {
				CODE_SIGN_STYLE = Automatic;
				DEVELOPMENT_TEAM = GUU9QUKZJ6;
				FRAMEWORK_SEARCH_PATHS = (
					"$(inherited)",
					"$(PROJECT_DIR)/UPTEthereumSigner",
				);
				OTHER_LDFLAGS = "-ObjC";
				PRODUCT_NAME = "$(TARGET_NAME)";
				SKIP_INSTALL = YES;
				TARGETED_DEVICE_FAMILY = "1,2";
			};
			name = Release;
		};
/* End XCBuildConfiguration section */

/* Begin XCConfigurationList section */
		BE5B095820EAC08F00E44FCF /* Build configuration list for PBXNativeTarget "UPTEthereumSignerTestHostApplication" */ = {
			isa = XCConfigurationList;
			buildConfigurations = (
				BE5B095920EAC08F00E44FCF /* Debug */,
				BE5B095A20EAC08F00E44FCF /* Release */,
			);
			defaultConfigurationIsVisible = 0;
			defaultConfigurationName = Release;
		};
		BEB5EA7020DAC64E005239B2 /* Build configuration list for PBXNativeTarget "UPTEthereumSignerTests" */ = {
			isa = XCConfigurationList;
			buildConfigurations = (
				BEB5EA6E20DAC64E005239B2 /* Debug */,
				BEB5EA6F20DAC64E005239B2 /* Release */,
			);
			defaultConfigurationIsVisible = 0;
			defaultConfigurationName = Release;
		};
		BECA74C320D9CBF7002793C8 /* Build configuration list for PBXProject "UPTEthereumSigner" */ = {
			isa = XCConfigurationList;
			buildConfigurations = (
				BECA74CF20D9CBF7002793C8 /* Debug */,
				BECA74D020D9CBF7002793C8 /* Release */,
			);
			defaultConfigurationIsVisible = 0;
			defaultConfigurationName = Release;
		};
		BECA74D120D9CBF7002793C8 /* Build configuration list for PBXNativeTarget "UPTEthereumSigner" */ = {
			isa = XCConfigurationList;
			buildConfigurations = (
				BECA74D220D9CBF7002793C8 /* Debug */,
				BECA74D320D9CBF7002793C8 /* Release */,
			);
			defaultConfigurationIsVisible = 0;
			defaultConfigurationName = Release;
		};
/* End XCConfigurationList section */
	};
	rootObject = BECA74C020D9CBF7002793C8 /* Project object */;
}
